// !$*UTF8*$!
{
	archiveVersion = 1;
	classes = {
	};
	objectVersion = 46;
	objects = {

/* Begin PBXBuildFile section */
		B60CE1C21BD41EA20021AD0A /* GraphView.m in Sources */ = {isa = PBXBuildFile; fileRef = B60CE1C11BD41EA20021AD0A /* GraphView.m */; };
		B641D2D81BB3254000A1B8B6 /* main.m in Sources */ = {isa = PBXBuildFile; fileRef = B641D2D71BB3254000A1B8B6 /* main.m */; };
		B641D2DB1BB3254000A1B8B6 /* AppDelegate.m in Sources */ = {isa = PBXBuildFile; fileRef = B641D2DA1BB3254000A1B8B6 /* AppDelegate.m */; };
		B641D2DE1BB3254000A1B8B6 /* ViewController.m in Sources */ = {isa = PBXBuildFile; fileRef = B641D2DD1BB3254000A1B8B6 /* ViewController.m */; };
		B641D2E11BB3254000A1B8B6 /* Main.storyboard in Resources */ = {isa = PBXBuildFile; fileRef = B641D2DF1BB3254000A1B8B6 /* Main.storyboard */; };
		B641D2E31BB3254000A1B8B6 /* Assets.xcassets in Resources */ = {isa = PBXBuildFile; fileRef = B641D2E21BB3254000A1B8B6 /* Assets.xcassets */; };
		B641D2E61BB3254000A1B8B6 /* LaunchScreen.storyboard in Resources */ = {isa = PBXBuildFile; fileRef = B641D2E41BB3254000A1B8B6 /* LaunchScreen.storyboard */; };
		B641D2F11BB3254000A1B8B6 /* quadraticTests.m in Sources */ = {isa = PBXBuildFile; fileRef = B641D2F01BB3254000A1B8B6 /* quadraticTests.m */; };
		B641D2FC1BB3254000A1B8B6 /* quadraticUITests.m in Sources */ = {isa = PBXBuildFile; fileRef = B641D2FB1BB3254000A1B8B6 /* quadraticUITests.m */; };
/* End PBXBuildFile section */

/* Begin PBXContainerItemProxy section */
		B641D2ED1BB3254000A1B8B6 /* PBXContainerItemProxy */ = {
			isa = PBXContainerItemProxy;
			containerPortal = B641D2CB1BB3254000A1B8B6 /* Project object */;
			proxyType = 1;
			remoteGlobalIDString = B641D2D21BB3254000A1B8B6;
			remoteInfo = quadratic;
		};
		B641D2F81BB3254000A1B8B6 /* PBXContainerItemProxy */ = {
			isa = PBXContainerItemProxy;
			containerPortal = B641D2CB1BB3254000A1B8B6 /* Project object */;
			proxyType = 1;
			remoteGlobalIDString = B641D2D21BB3254000A1B8B6;
			remoteInfo = quadratic;
		};
/* End PBXContainerItemProxy section */

/* Begin PBXFileReference section */
		B60CE1C01BD41EA20021AD0A /* GraphView.h */ = {isa = PBXFileReference; fileEncoding = 4; lastKnownFileType = sourcecode.c.h; path = GraphView.h; sourceTree = "<group>"; };
		B60CE1C11BD41EA20021AD0A /* GraphView.m */ = {isa = PBXFileReference; fileEncoding = 4; lastKnownFileType = sourcecode.c.objc; path = GraphView.m; sourceTree = "<group>"; };
		B641D2D31BB3254000A1B8B6 /* quadratic.app */ = {isa = PBXFileReference; explicitFileType = wrapper.application; includeInIndex = 0; path = quadratic.app; sourceTree = BUILT_PRODUCTS_DIR; };
		B641D2D71BB3254000A1B8B6 /* main.m */ = {isa = PBXFileReference; lastKnownFileType = sourcecode.c.objc; path = main.m; sourceTree = "<group>"; };
		B641D2D91BB3254000A1B8B6 /* AppDelegate.h */ = {isa = PBXFileReference; lastKnownFileType = sourcecode.c.h; path = AppDelegate.h; sourceTree = "<group>"; };
		B641D2DA1BB3254000A1B8B6 /* AppDelegate.m */ = {isa = PBXFileReference; lastKnownFileType = sourcecode.c.objc; path = AppDelegate.m; sourceTree = "<group>"; };
		B641D2DC1BB3254000A1B8B6 /* ViewController.h */ = {isa = PBXFileReference; lastKnownFileType = sourcecode.c.h; path = ViewController.h; sourceTree = "<group>"; };
		B641D2DD1BB3254000A1B8B6 /* ViewController.m */ = {isa = PBXFileReference; lastKnownFileType = sourcecode.c.objc; path = ViewController.m; sourceTree = "<group>"; };
		B641D2E01BB3254000A1B8B6 /* Base */ = {isa = PBXFileReference; lastKnownFileType = file.storyboard; name = Base; path = Base.lproj/Main.storyboard; sourceTree = "<group>"; };
		B641D2E21BB3254000A1B8B6 /* Assets.xcassets */ = {isa = PBXFileReference; lastKnownFileType = folder.assetcatalog; path = Assets.xcassets; sourceTree = "<group>"; };
		B641D2E51BB3254000A1B8B6 /* Base */ = {isa = PBXFileReference; lastKnownFileType = file.storyboard; name = Base; path = Base.lproj/LaunchScreen.storyboard; sourceTree = "<group>"; };
		B641D2E71BB3254000A1B8B6 /* Info.plist */ = {isa = PBXFileReference; lastKnownFileType = text.plist.xml; path = Info.plist; sourceTree = "<group>"; };
		B641D2EC1BB3254000A1B8B6 /* quadraticTests.xctest */ = {isa = PBXFileReference; explicitFileType = wrapper.cfbundle; includeInIndex = 0; path = quadraticTests.xctest; sourceTree = BUILT_PRODUCTS_DIR; };
		B641D2F01BB3254000A1B8B6 /* quadraticTests.m */ = {isa = PBXFileReference; lastKnownFileType = sourcecode.c.objc; path = quadraticTests.m; sourceTree = "<group>"; };
		B641D2F21BB3254000A1B8B6 /* Info.plist */ = {isa = PBXFileReference; lastKnownFileType = text.plist.xml; path = Info.plist; sourceTree = "<group>"; };
		B641D2F71BB3254000A1B8B6 /* quadraticUITests.xctest */ = {isa = PBXFileReference; explicitFileType = wrapper.cfbundle; includeInIndex = 0; path = quadraticUITests.xctest; sourceTree = BUILT_PRODUCTS_DIR; };
		B641D2FB1BB3254000A1B8B6 /* quadraticUITests.m */ = {isa = PBXFileReference; lastKnownFileType = sourcecode.c.objc; path = quadraticUITests.m; sourceTree = "<group>"; };
		B641D2FD1BB3254000A1B8B6 /* Info.plist */ = {isa = PBXFileReference; lastKnownFileType = text.plist.xml; path = Info.plist; sourceTree = "<group>"; };
/* End PBXFileReference section */

/* Begin PBXFrameworksBuildPhase section */
		B641D2D01BB3254000A1B8B6 /* Frameworks */ = {
			isa = PBXFrameworksBuildPhase;
			buildActionMask = 2147483647;
			files = (
			);
			runOnlyForDeploymentPostprocessing = 0;
		};
		B641D2E91BB3254000A1B8B6 /* Frameworks */ = {
			isa = PBXFrameworksBuildPhase;
			buildActionMask = 2147483647;
			files = (
			);
			runOnlyForDeploymentPostprocessing = 0;
		};
		B641D2F41BB3254000A1B8B6 /* Frameworks */ = {
			isa = PBXFrameworksBuildPhase;
			buildActionMask = 2147483647;
			files = (
			);
			runOnlyForDeploymentPostprocessing = 0;
		};
/* End PBXFrameworksBuildPhase section */

/* Begin PBXGroup section */
		B641D2CA1BB3254000A1B8B6 = {
			isa = PBXGroup;
			children = (
				B641D2D51BB3254000A1B8B6 /* quadratic */,
				B641D2EF1BB3254000A1B8B6 /* quadraticTests */,
				B641D2FA1BB3254000A1B8B6 /* quadraticUITests */,
				B641D2D41BB3254000A1B8B6 /* Products */,
			);
			sourceTree = "<group>";
		};
		B641D2D41BB3254000A1B8B6 /* Products */ = {
			isa = PBXGroup;
			children = (
				B641D2D31BB3254000A1B8B6 /* quadratic.app */,
				B641D2EC1BB3254000A1B8B6 /* quadraticTests.xctest */,
				B641D2F71BB3254000A1B8B6 /* quadraticUITests.xctest */,
			);
			name = Products;
			sourceTree = "<group>";
		};
		B641D2D51BB3254000A1B8B6 /* quadratic */ = {
			isa = PBXGroup;
			children = (
				B641D2D91BB3254000A1B8B6 /* AppDelegate.h */,
				B60CE1C01BD41EA20021AD0A /* GraphView.h */,
				B60CE1C11BD41EA20021AD0A /* GraphView.m */,
				B641D2DA1BB3254000A1B8B6 /* AppDelegate.m */,
				B641D2DC1BB3254000A1B8B6 /* ViewController.h */,
				B641D2DD1BB3254000A1B8B6 /* ViewController.m */,
				B641D2DF1BB3254000A1B8B6 /* Main.storyboard */,
				B641D2E21BB3254000A1B8B6 /* Assets.xcassets */,
				B641D2E41BB3254000A1B8B6 /* LaunchScreen.storyboard */,
				B641D2E71BB3254000A1B8B6 /* Info.plist */,
				B641D2D61BB3254000A1B8B6 /* Supporting Files */,
			);
			path = quadratic;
			sourceTree = "<group>";
		};
		B641D2D61BB3254000A1B8B6 /* Supporting Files */ = {
			isa = PBXGroup;
			children = (
				B641D2D71BB3254000A1B8B6 /* main.m */,
			);
			name = "Supporting Files";
			sourceTree = "<group>";
		};
		B641D2EF1BB3254000A1B8B6 /* quadraticTests */ = {
			isa = PBXGroup;
			children = (
				B641D2F01BB3254000A1B8B6 /* quadraticTests.m */,
				B641D2F21BB3254000A1B8B6 /* Info.plist */,
			);
			path = quadraticTests;
			sourceTree = "<group>";
		};
		B641D2FA1BB3254000A1B8B6 /* quadraticUITests */ = {
			isa = PBXGroup;
			children = (
				B641D2FB1BB3254000A1B8B6 /* quadraticUITests.m */,
				B641D2FD1BB3254000A1B8B6 /* Info.plist */,
			);
			path = quadraticUITests;
			sourceTree = "<group>";
		};
/* End PBXGroup section */

/* Begin PBXNativeTarget section */
		B641D2D21BB3254000A1B8B6 /* quadratic */ = {
			isa = PBXNativeTarget;
			buildConfigurationList = B641D3001BB3254000A1B8B6 /* Build configuration list for PBXNativeTarget "quadratic" */;
			buildPhases = (
				B641D2CF1BB3254000A1B8B6 /* Sources */,
				B641D2D01BB3254000A1B8B6 /* Frameworks */,
				B641D2D11BB3254000A1B8B6 /* Resources */,
			);
			buildRules = (
			);
			dependencies = (
			);
			name = quadratic;
			productName = quadratic;
			productReference = B641D2D31BB3254000A1B8B6 /* quadratic.app */;
			productType = "com.apple.product-type.application";
		};
		B641D2EB1BB3254000A1B8B6 /* quadraticTests */ = {
			isa = PBXNativeTarget;
			buildConfigurationList = B641D3031BB3254000A1B8B6 /* Build configuration list for PBXNativeTarget "quadraticTests" */;
			buildPhases = (
				B641D2E81BB3254000A1B8B6 /* Sources */,
				B641D2E91BB3254000A1B8B6 /* Frameworks */,
				B641D2EA1BB3254000A1B8B6 /* Resources */,
			);
			buildRules = (
			);
			dependencies = (
				B641D2EE1BB3254000A1B8B6 /* PBXTargetDependency */,
			);
			name = quadraticTests;
			productName = quadraticTests;
			productReference = B641D2EC1BB3254000A1B8B6 /* quadraticTests.xctest */;
			productType = "com.apple.product-type.bundle.unit-test";
		};
		B641D2F61BB3254000A1B8B6 /* quadraticUITests */ = {
			isa = PBXNativeTarget;
			buildConfigurationList = B641D3061BB3254000A1B8B6 /* Build configuration list for PBXNativeTarget "quadraticUITests" */;
			buildPhases = (
				B641D2F31BB3254000A1B8B6 /* Sources */,
				B641D2F41BB3254000A1B8B6 /* Frameworks */,
				B641D2F51BB3254000A1B8B6 /* Resources */,
			);
			buildRules = (
			);
			dependencies = (
				B641D2F91BB3254000A1B8B6 /* PBXTargetDependency */,
			);
			name = quadraticUITests;
			productName = quadraticUITests;
			productReference = B641D2F71BB3254000A1B8B6 /* quadraticUITests.xctest */;
			productType = "com.apple.product-type.bundle.ui-testing";
		};
/* End PBXNativeTarget section */

/* Begin PBXProject section */
		B641D2CB1BB3254000A1B8B6 /* Project object */ = {
			isa = PBXProject;
			attributes = {
				LastUpgradeCheck = 0700;
				ORGANIZATIONNAME = "Roman Gribkov";
				TargetAttributes = {
					B641D2D21BB3254000A1B8B6 = {
						CreatedOnToolsVersion = 7.0;
						DevelopmentTeam = XP5VC28ME2;
					};
					B641D2EB1BB3254000A1B8B6 = {
						CreatedOnToolsVersion = 7.0;
						DevelopmentTeam = XP5VC28ME2;
						TestTargetID = B641D2D21BB3254000A1B8B6;
					};
					B641D2F61BB3254000A1B8B6 = {
						CreatedOnToolsVersion = 7.0;
						DevelopmentTeam = XP5VC28ME2;
						TestTargetID = B641D2D21BB3254000A1B8B6;
					};
				};
			};
			buildConfigurationList = B641D2CE1BB3254000A1B8B6 /* Build configuration list for PBXProject "quadratic" */;
			compatibilityVersion = "Xcode 3.2";
			developmentRegion = English;
			hasScannedForEncodings = 0;
			knownRegions = (
				en,
				Base,
			);
			mainGroup = B641D2CA1BB3254000A1B8B6;
			productRefGroup = B641D2D41BB3254000A1B8B6 /* Products */;
			projectDirPath = "";
			projectRoot = "";
			targets = (
				B641D2D21BB3254000A1B8B6 /* quadratic */,
				B641D2EB1BB3254000A1B8B6 /* quadraticTests */,
				B641D2F61BB3254000A1B8B6 /* quadraticUITests */,
			);
		};
/* End PBXProject section */

/* Begin PBXResourcesBuildPhase section */
		B641D2D11BB3254000A1B8B6 /* Resources */ = {
			isa = PBXResourcesBuildPhase;
			buildActionMask = 2147483647;
			files = (
				B641D2E61BB3254000A1B8B6 /* LaunchScreen.storyboard in Resources */,
				B641D2E31BB3254000A1B8B6 /* Assets.xcassets in Resources */,
				B641D2E11BB3254000A1B8B6 /* Main.storyboard in Resources */,
			);
			runOnlyForDeploymentPostprocessing = 0;
		};
		B641D2EA1BB3254000A1B8B6 /* Resources */ = {
			isa = PBXResourcesBuildPhase;
			buildActionMask = 2147483647;
			files = (
			);
			runOnlyForDeploymentPostprocessing = 0;
		};
		B641D2F51BB3254000A1B8B6 /* Resources */ = {
			isa = PBXResourcesBuildPhase;
			buildActionMask = 2147483647;
			files = (
			);
			runOnlyForDeploymentPostprocessing = 0;
		};
/* End PBXResourcesBuildPhase section */

/* Begin PBXSourcesBuildPhase section */
		B641D2CF1BB3254000A1B8B6 /* Sources */ = {
			isa = PBXSourcesBuildPhase;
			buildActionMask = 2147483647;
			files = (
				B641D2DE1BB3254000A1B8B6 /* ViewController.m in Sources */,
				B641D2DB1BB3254000A1B8B6 /* AppDelegate.m in Sources */,
				B641D2D81BB3254000A1B8B6 /* main.m in Sources */,
				B60CE1C21BD41EA20021AD0A /* GraphView.m in Sources */,
			);
			runOnlyForDeploymentPostprocessing = 0;
		};
		B641D2E81BB3254000A1B8B6 /* Sources */ = {
			isa = PBXSourcesBuildPhase;
			buildActionMask = 2147483647;
			files = (
				B641D2F11BB3254000A1B8B6 /* quadraticTests.m in Sources */,
			);
			runOnlyForDeploymentPostprocessing = 0;
		};
		B641D2F31BB3254000A1B8B6 /* Sources */ = {
			isa = PBXSourcesBuildPhase;
			buildActionMask = 2147483647;
			files = (
				B641D2FC1BB3254000A1B8B6 /* quadraticUITests.m in Sources */,
			);
			runOnlyForDeploymentPostprocessing = 0;
		};
/* End PBXSourcesBuildPhase section */

/* Begin PBXTargetDependency section */
		B641D2EE1BB3254000A1B8B6 /* PBXTargetDependency */ = {
			isa = PBXTargetDependency;
			target = B641D2D21BB3254000A1B8B6 /* quadratic */;
			targetProxy = B641D2ED1BB3254000A1B8B6 /* PBXContainerItemProxy */;
		};
		B641D2F91BB3254000A1B8B6 /* PBXTargetDependency */ = {
			isa = PBXTargetDependency;
			target = B641D2D21BB3254000A1B8B6 /* quadratic */;
			targetProxy = B641D2F81BB3254000A1B8B6 /* PBXContainerItemProxy */;
		};
/* End PBXTargetDependency section */

/* Begin PBXVariantGroup section */
		B641D2DF1BB3254000A1B8B6 /* Main.storyboard */ = {
			isa = PBXVariantGroup;
			children = (
				B641D2E01BB3254000A1B8B6 /* Base */,
			);
			name = Main.storyboard;
			sourceTree = "<group>";
		};
		B641D2E41BB3254000A1B8B6 /* LaunchScreen.storyboard */ = {
			isa = PBXVariantGroup;
			children = (
				B641D2E51BB3254000A1B8B6 /* Base */,
			);
			name = LaunchScreen.storyboard;
			sourceTree = "<group>";
		};
/* End PBXVariantGroup section */

/* Begin XCBuildConfiguration section */
		B641D2FE1BB3254000A1B8B6 /* Debug */ = {
			isa = XCBuildConfiguration;
			buildSettings = {
				ALWAYS_SEARCH_USER_PATHS = NO;
				CLANG_CXX_LANGUAGE_STANDARD = "gnu++0x";
				CLANG_CXX_LIBRARY = "libc++";
				CLANG_ENABLE_MODULES = YES;
				CLANG_ENABLE_OBJC_ARC = YES;
				CLANG_WARN_BOOL_CONVERSION = YES;
				CLANG_WARN_CONSTANT_CONVERSION = YES;
				CLANG_WARN_DIRECT_OBJC_ISA_USAGE = YES_ERROR;
				CLANG_WARN_EMPTY_BODY = YES;
				CLANG_WARN_ENUM_CONVERSION = YES;
				CLANG_WARN_INT_CONVERSION = YES;
				CLANG_WARN_OBJC_ROOT_CLASS = YES_ERROR;
				CLANG_WARN_UNREACHABLE_CODE = YES;
				CLANG_WARN__DUPLICATE_METHOD_MATCH = YES;
				"CODE_SIGN_IDENTITY[sdk=iphoneos*]" = "iPhone Developer";
				COPY_PHASE_STRIP = NO;
				DEBUG_INFORMATION_FORMAT = dwarf;
				ENABLE_STRICT_OBJC_MSGSEND = YES;
				ENABLE_TESTABILITY = YES;
				GCC_C_LANGUAGE_STANDARD = gnu99;
				GCC_DYNAMIC_NO_PIC = NO;
				GCC_NO_COMMON_BLOCKS = YES;
				GCC_OPTIMIZATION_LEVEL = 0;
				GCC_PREPROCESSOR_DEFINITIONS = (
					"DEBUG=1",
					"$(inherited)",
				);
				GCC_WARN_64_TO_32_BIT_CONVERSION = YES;
				GCC_WARN_ABOUT_RETURN_TYPE = YES_ERROR;
				GCC_WARN_UNDECLARED_SELECTOR = YES;
				GCC_WARN_UNINITIALIZED_AUTOS = YES_AGGRESSIVE;
				GCC_WARN_UNUSED_FUNCTION = YES;
				GCC_WARN_UNUSED_VARIABLE = YES;
				IPHONEOS_DEPLOYMENT_TARGET = 9.0;
				MTL_ENABLE_DEBUG_INFO = YES;
				ONLY_ACTIVE_ARCH = YES;
				SDKROOT = iphoneos;
			};
			name = Debug;
		};
		B641D2FF1BB3254000A1B8B6 /* Release */ = {
			isa = XCBuildConfiguration;
			buildSettings = {
				ALWAYS_SEARCH_USER_PATHS = NO;
				CLANG_CXX_LANGUAGE_STANDARD = "gnu++0x";
				CLANG_CXX_LIBRARY = "libc++";
				CLANG_ENABLE_MODULES = YES;
				CLANG_ENABLE_OBJC_ARC = YES;
				CLANG_WARN_BOOL_CONVERSION = YES;
				CLANG_WARN_CONSTANT_CONVERSION = YES;
				CLANG_WARN_DIRECT_OBJC_ISA_USAGE = YES_ERROR;
				CLANG_WARN_EMPTY_BODY = YES;
				CLANG_WARN_ENUM_CONVERSION = YES;
				CLANG_WARN_INT_CONVERSION = YES;
				CLANG_WARN_OBJC_ROOT_CLASS = YES_ERROR;
				CLANG_WARN_UNREACHABLE_CODE = YES;
				CLANG_WARN__DUPLICATE_METHOD_MATCH = YES;
				"CODE_SIGN_IDENTITY[sdk=iphoneos*]" = "iPhone Developer";
				COPY_PHASE_STRIP = NO;
				DEBUG_INFORMATION_FORMAT = "dwarf-with-dsym";
				ENABLE_NS_ASSERTIONS = NO;
				ENABLE_STRICT_OBJC_MSGSEND = YES;
				GCC_C_LANGUAGE_STANDARD = gnu99;
				GCC_NO_COMMON_BLOCKS = YES;
				GCC_WARN_64_TO_32_BIT_CONVERSION = YES;
				GCC_WARN_ABOUT_RETURN_TYPE = YES_ERROR;
				GCC_WARN_UNDECLARED_SELECTOR = YES;
				GCC_WARN_UNINITIALIZED_AUTOS = YES_AGGRESSIVE;
				GCC_WARN_UNUSED_FUNCTION = YES;
				GCC_WARN_UNUSED_VARIABLE = YES;
				IPHONEOS_DEPLOYMENT_TARGET = 9.0;
				MTL_ENABLE_DEBUG_INFO = NO;
				SDKROOT = iphoneos;
				VALIDATE_PRODUCT = YES;
			};
			name = Release;
		};
		B641D3011BB3254000A1B8B6 /* Debug */ = {
			isa = XCBuildConfiguration;
			buildSettings = {
				ASSETCATALOG_COMPILER_APPICON_NAME = AppIcon;
				CODE_SIGN_IDENTITY = "iPhone Developer";
				"CODE_SIGN_IDENTITY[sdk=iphoneos*]" = "iPhone Developer";
				INFOPLIST_FILE = quadratic/Info.plist;
				LD_RUNPATH_SEARCH_PATHS = "$(inherited) @executable_path/Frameworks";
				PRODUCT_BUNDLE_IDENTIFIER = com.Gibkov.Roman.V.quadratic;
				PRODUCT_NAME = "$(TARGET_NAME)";
				PROVISIONING_PROFILE = "";
			};
			name = Debug;
		};
		B641D3021BB3254000A1B8B6 /* Release */ = {
			isa = XCBuildConfiguration;
			buildSettings = {
				ASSETCATALOG_COMPILER_APPICON_NAME = AppIcon;
				CODE_SIGN_IDENTITY = "iPhone Developer";
				"CODE_SIGN_IDENTITY[sdk=iphoneos*]" = "iPhone Developer";
				INFOPLIST_FILE = quadratic/Info.plist;
				LD_RUNPATH_SEARCH_PATHS = "$(inherited) @executable_path/Frameworks";
				PRODUCT_BUNDLE_IDENTIFIER = com.Gibkov.Roman.V.quadratic;
				PRODUCT_NAME = "$(TARGET_NAME)";
				PROVISIONING_PROFILE = "";
			};
			name = Release;
		};
		B641D3041BB3254000A1B8B6 /* Debug */ = {
			isa = XCBuildConfiguration;
			buildSettings = {
				BUNDLE_LOADER = "$(TEST_HOST)";
				INFOPLIST_FILE = quadraticTests/Info.plist;
				LD_RUNPATH_SEARCH_PATHS = "$(inherited) @executable_path/Frameworks @loader_path/Frameworks";
				PRODUCT_BUNDLE_IDENTIFIER = com.Gibkov.Roman.V.quadraticTests;
				PRODUCT_NAME = "$(TARGET_NAME)";
				TEST_HOST = "$(BUILT_PRODUCTS_DIR)/quadratic.app/quadratic";
			};
			name = Debug;
		};
		B641D3051BB3254000A1B8B6 /* Release */ = {
			isa = XCBuildConfiguration;
			buildSettings = {
				BUNDLE_LOADER = "$(TEST_HOST)";
				INFOPLIST_FILE = quadraticTests/Info.plist;
				LD_RUNPATH_SEARCH_PATHS = "$(inherited) @executable_path/Frameworks @loader_path/Frameworks";
				PRODUCT_BUNDLE_IDENTIFIER = com.Gibkov.Roman.V.quadraticTests;
				PRODUCT_NAME = "$(TARGET_NAME)";
				TEST_HOST = "$(BUILT_PRODUCTS_DIR)/quadratic.app/quadratic";
			};
			name = Release;
		};
		B641D3071BB3254000A1B8B6 /* Debug */ = {
			isa = XCBuildConfiguration;
			buildSettings = {
				INFOPLIST_FILE = quadraticUITests/Info.plist;
				LD_RUNPATH_SEARCH_PATHS = "$(inherited) @executable_path/Frameworks @loader_path/Frameworks";
				PRODUCT_BUNDLE_IDENTIFIER = com.Gibkov.Roman.V.quadraticUITests;
				PRODUCT_NAME = "$(TARGET_NAME)";
				TEST_TARGET_NAME = quadratic;
				USES_XCTRUNNER = YES;
			};
			name = Debug;
		};
		B641D3081BB3254000A1B8B6 /* Release */ = {
			isa = XCBuildConfiguration;
			buildSettings = {
				INFOPLIST_FILE = quadraticUITests/Info.plist;
				LD_RUNPATH_SEARCH_PATHS = "$(inherited) @executable_path/Frameworks @loader_path/Frameworks";
				PRODUCT_BUNDLE_IDENTIFIER = com.Gibkov.Roman.V.quadraticUITests;
				PRODUCT_NAME = "$(TARGET_NAME)";
				TEST_TARGET_NAME = quadratic;
				USES_XCTRUNNER = YES;
			};
			name = Release;
		};
/* End XCBuildConfiguration section */

/* Begin XCConfigurationList section */
		B641D2CE1BB3254000A1B8B6 /* Build configuration list for PBXProject "quadratic" */ = {
			isa = XCConfigurationList;
			buildConfigurations = (
				B641D2FE1BB3254000A1B8B6 /* Debug */,
				B641D2FF1BB3254000A1B8B6 /* Release */,
			);
			defaultConfigurationIsVisible = 0;
			defaultConfigurationName = Release;
		};
		B641D3001BB3254000A1B8B6 /* Build configuration list for PBXNativeTarget "quadratic" */ = {
			isa = XCConfigurationList;
			buildConfigurations = (
				B641D3011BB3254000A1B8B6 /* Debug */,
				B641D3021BB3254000A1B8B6 /* Release */,
			);
			defaultConfigurationIsVisible = 0;
			defaultConfigurationName = Release;
		};
		B641D3031BB3254000A1B8B6 /* Build configuration list for PBXNativeTarget "quadraticTests" */ = {
			isa = XCConfigurationList;
			buildConfigurations = (
				B641D3041BB3254000A1B8B6 /* Debug */,
				B641D3051BB3254000A1B8B6 /* Release */,
			);
			defaultConfigurationIsVisible = 0;
			defaultConfigurationName = Release;
		};
		B641D3061BB3254000A1B8B6 /* Build configuration list for PBXNativeTarget "quadraticUITests" */ = {
			isa = XCConfigurationList;
			buildConfigurations = (
				B641D3071BB3254000A1B8B6 /* Debug */,
				B641D3081BB3254000A1B8B6 /* Release */,
			);
			defaultConfigurationIsVisible = 0;
			defaultConfigurationName = Release;
		};
/* End XCConfigurationList section */
	};
	rootObject = B641D2CB1BB3254000A1B8B6 /* Project object */;
}
